
Microsoft Visual Studio Solution File, Format Version 12.00
Project("{FAE04EC0-301F-11D3-BF4B-00C04F79EFBC}") = "ImprovedDictionary", "ImprovedDictionary\ImprovedDictionary.csproj", "{A6264297-7BB9-41D3-9D1B-39C6872ED4EF}"
EndProject
Global
	GlobalSection(SolutionConfigurationPlatforms) = preSolution
		Debug|Any CPU = Debug|Any CPU
		Release|Any CPU = Release|Any CPU
	EndGlobalSection
	GlobalSection(ProjectConfigurationPlatforms) = postSolution
		{A6264297-7BB9-41D3-9D1B-39C6872ED4EF}.Debug|Any CPU.ActiveCfg = Debug|Any CPU
		{A6264297-7BB9-41D3-9D1B-39C6872ED4EF}.Debug|Any CPU.Build.0 = Debug|Any CPU
		{A6264297-7BB9-41D3-9D1B-39C6872ED4EF}.Release|Any CPU.ActiveCfg = Release|Any CPU
		{A6264297-7BB9-41D3-9D1B-39C6872ED4EF}.Release|Any CPU.Build.0 = Release|Any CPU
	EndGlobalSection
EndGlobal
